
Microsoft Visual Studio Solution File, Format Version 12.00
# Visual Studio Version 16
VisualStudioVersion = 25.0.1704.1
MinimumVisualStudioVersion = 10.0.40219.1
Project("{FAE04EC0-301F-11D3-BF4B-00C04F79EFBC}") = "CityAPI", "CityAPI\CityAPI.csproj", "{3335BE1C-B1FA-4B4C-AD33-65B0E5A2952D}"
EndProject
Global
	GlobalSection(SolutionConfigurationPlatforms) = preSolution
		Debug|Any CPU = Debug|Any CPU
		Release|Any CPU = Release|Any CPU
	EndGlobalSection
	GlobalSection(ProjectConfigurationPlatforms) = postSolution
		{3335BE1C-B1FA-4B4C-AD33-65B0E5A2952D}.Debug|Any CPU.ActiveCfg = Debug|Any CPU
		{3335BE1C-B1FA-4B4C-AD33-65B0E5A2952D}.Debug|Any CPU.Build.0 = Debug|Any CPU
		{3335BE1C-B1FA-4B4C-AD33-65B0E5A2952D}.Release|Any CPU.ActiveCfg = Release|Any CPU
		{3335BE1C-B1FA-4B4C-AD33-65B0E5A2952D}.Release|Any CPU.Build.0 = Release|Any CPU
	EndGlobalSection
	GlobalSection(SolutionProperties) = preSolution
		HideSolutionNode = FALSE
	EndGlobalSection
	GlobalSection(ExtensibilityGlobals) = postSolution
		SolutionGuid = {C8E8D861-B902-47AA-AB38-A9EECD1FD7E6}
	EndGlobalSection
EndGlobal
